
Microsoft Visual Studio Solution File, Format Version 12.00
# Visual Studio Version 16
VisualStudioVersion = 16.0.31402.337
MinimumVisualStudioVersion = 10.0.40219.1
Project("{9A19103F-16F7-4668-BE54-9A1E7A4F7556}") = "AsmToBnp", "AsmToBnp\AsmToBnp.csproj", "{2D390DEF-0635-4652-9B16-84F4F4EEE6B5}"
EndProject
Global
	GlobalSection(SolutionConfigurationPlatforms) = preSolution
		Debug|Any CPU = Debug|Any CPU
		Release|Any CPU = Release|Any CPU
	EndGlobalSection
	GlobalSection(ProjectConfigurationPlatforms) = postSolution
		{2D390DEF-0635-4652-9B16-84F4F4EEE6B5}.Debug|Any CPU.ActiveCfg = Debug|Any CPU
		{2D390DEF-0635-4652-9B16-84F4F4EEE6B5}.Debug|Any CPU.Build.0 = Debug|Any CPU
		{2D390DEF-0635-4652-9B16-84F4F4EEE6B5}.Release|Any CPU.ActiveCfg = Release|Any CPU
		{2D390DEF-0635-4652-9B16-84F4F4EEE6B5}.Release|Any CPU.Build.0 = Release|Any CPU
	EndGlobalSection
	GlobalSection(SolutionProperties) = preSolution
		HideSolutionNode = FALSE
	EndGlobalSection
	GlobalSection(ExtensibilityGlobals) = postSolution
		SolutionGuid = {F553AE92-04EE-4C26-BD99-328396390E42}
	EndGlobalSection
EndGlobal
